
Microsoft Visual Studio Solution File, Format Version 12.00
# Visual Studio Version 17
VisualStudioVersion = 17.5.002.0
MinimumVisualStudioVersion = 10.0.40219.1
Project("{9A19103F-16F7-4668-BE54-9A1E7A4F7556}") = "EXERCICIO03", "EXERCICIO03.csproj", "{D86E403D-E737-4889-B5A9-D6C28E50C6C3}"
EndProject
Global
	GlobalSection(SolutionConfigurationPlatforms) = preSolution
		Debug|Any CPU = Debug|Any CPU
		Release|Any CPU = Release|Any CPU
	EndGlobalSection
	GlobalSection(ProjectConfigurationPlatforms) = postSolution
		{D86E403D-E737-4889-B5A9-D6C28E50C6C3}.Debug|Any CPU.ActiveCfg = Debug|Any CPU
		{D86E403D-E737-4889-B5A9-D6C28E50C6C3}.Debug|Any CPU.Build.0 = Debug|Any CPU
		{D86E403D-E737-4889-B5A9-D6C28E50C6C3}.Release|Any CPU.ActiveCfg = Release|Any CPU
		{D86E403D-E737-4889-B5A9-D6C28E50C6C3}.Release|Any CPU.Build.0 = Release|Any CPU
	EndGlobalSection
	GlobalSection(SolutionProperties) = preSolution
		HideSolutionNode = FALSE
	EndGlobalSection
	GlobalSection(ExtensibilityGlobals) = postSolution
		SolutionGuid = {51A772E9-05F0-47AA-B0C6-ABCD4C768F2E}
	EndGlobalSection
EndGlobal
