
Microsoft Visual Studio Solution File, Format Version 12.00
# Visual Studio Version 17
VisualStudioVersion = 17.5.002.0
MinimumVisualStudioVersion = 10.0.40219.1
Project("{9A19103F-16F7-4668-BE54-9A1E7A4F7556}") = "ex01", "ex01\ex01.csproj", "{CCA0ED1B-3128-40B5-8A63-47ED40346D1E}"
EndProject
Project("{9A19103F-16F7-4668-BE54-9A1E7A4F7556}") = "ex02", "ex02\ex02.csproj", "{733C4A5E-8393-4262-87B7-A589BC290088}"
EndProject
Project("{9A19103F-16F7-4668-BE54-9A1E7A4F7556}") = "ex03", "ex03\ex03.csproj", "{C0C0693A-EC6C-44F9-9FBF-28781A7D7284}"
EndProject
Project("{9A19103F-16F7-4668-BE54-9A1E7A4F7556}") = "ex04", "ex04\ex04.csproj", "{2BC6D028-C295-4409-8A93-AA03D71320C7}"
EndProject
Project("{9A19103F-16F7-4668-BE54-9A1E7A4F7556}") = "ex05", "ex05\ex05.csproj", "{D3F1E95A-DBB8-4660-8987-B397FD7A2BAC}"
EndProject
Global
	GlobalSection(SolutionConfigurationPlatforms) = preSolution
		Debug|Any CPU = Debug|Any CPU
		Release|Any CPU = Release|Any CPU
	EndGlobalSection
	GlobalSection(ProjectConfigurationPlatforms) = postSolution
		{CCA0ED1B-3128-40B5-8A63-47ED40346D1E}.Debug|Any CPU.ActiveCfg = Debug|Any CPU
		{CCA0ED1B-3128-40B5-8A63-47ED40346D1E}.Debug|Any CPU.Build.0 = Debug|Any CPU
		{CCA0ED1B-3128-40B5-8A63-47ED40346D1E}.Release|Any CPU.ActiveCfg = Release|Any CPU
		{CCA0ED1B-3128-40B5-8A63-47ED40346D1E}.Release|Any CPU.Build.0 = Release|Any CPU
		{733C4A5E-8393-4262-87B7-A589BC290088}.Debug|Any CPU.ActiveCfg = Debug|Any CPU
		{733C4A5E-8393-4262-87B7-A589BC290088}.Debug|Any CPU.Build.0 = Debug|Any CPU
		{733C4A5E-8393-4262-87B7-A589BC290088}.Release|Any CPU.ActiveCfg = Release|Any CPU
		{733C4A5E-8393-4262-87B7-A589BC290088}.Release|Any CPU.Build.0 = Release|Any CPU
		{C0C0693A-EC6C-44F9-9FBF-28781A7D7284}.Debug|Any CPU.ActiveCfg = Debug|Any CPU
		{C0C0693A-EC6C-44F9-9FBF-28781A7D7284}.Debug|Any CPU.Build.0 = Debug|Any CPU
		{C0C0693A-EC6C-44F9-9FBF-28781A7D7284}.Release|Any CPU.ActiveCfg = Release|Any CPU
		{C0C0693A-EC6C-44F9-9FBF-28781A7D7284}.Release|Any CPU.Build.0 = Release|Any CPU
		{2BC6D028-C295-4409-8A93-AA03D71320C7}.Debug|Any CPU.ActiveCfg = Debug|Any CPU
		{2BC6D028-C295-4409-8A93-AA03D71320C7}.Debug|Any CPU.Build.0 = Debug|Any CPU
		{2BC6D028-C295-4409-8A93-AA03D71320C7}.Release|Any CPU.ActiveCfg = Release|Any CPU
		{2BC6D028-C295-4409-8A93-AA03D71320C7}.Release|Any CPU.Build.0 = Release|Any CPU
		{D3F1E95A-DBB8-4660-8987-B397FD7A2BAC}.Debug|Any CPU.ActiveCfg = Debug|Any CPU
		{D3F1E95A-DBB8-4660-8987-B397FD7A2BAC}.Debug|Any CPU.Build.0 = Debug|Any CPU
		{D3F1E95A-DBB8-4660-8987-B397FD7A2BAC}.Release|Any CPU.ActiveCfg = Release|Any CPU
		{D3F1E95A-DBB8-4660-8987-B397FD7A2BAC}.Release|Any CPU.Build.0 = Release|Any CPU
	EndGlobalSection
	GlobalSection(SolutionProperties) = preSolution
		HideSolutionNode = FALSE
	EndGlobalSection
	GlobalSection(ExtensibilityGlobals) = postSolution
		SolutionGuid = {199F60BB-A992-431A-BCAC-C8F2E1E04B6D}
	EndGlobalSection
EndGlobal
